// !$*UTF8*$!
{
	archiveVersion = 1;
	classes = {
	};
	objectVersion = 50;
	objects = {

/* Begin PBXBuildFile section */
		2F1F835B26F970B8003B5F21 /* Watchlist.storyboard in Resources */ = {isa = PBXBuildFile; fileRef = 2F1F835A26F970B8003B5F21 /* Watchlist.storyboard */; };
		2F1F835F26F97ACD003B5F21 /* Settings.storyboard in Resources */ = {isa = PBXBuildFile; fileRef = 2F1F835E26F97ACD003B5F21 /* Settings.storyboard */; };
		2F1F836226F97DE1003B5F21 /* Search.storyboard in Resources */ = {isa = PBXBuildFile; fileRef = 2F1F836126F97DE1003B5F21 /* Search.storyboard */; };
		2FB8FF7826FCCD320098339F /* Details.swift in Sources */ = {isa = PBXBuildFile; fileRef = 2FB8FF7726FCCD320098339F /* Details.swift */; };
		2FB8FF7E26FCD06D0098339F /* Movies.swift in Sources */ = {isa = PBXBuildFile; fileRef = 2FB8FF7D26FCD06D0098339F /* Movies.swift */; };
		2FB9C9FB26F9470500BDF579 /* FilmDetails.storyboard in Resources */ = {isa = PBXBuildFile; fileRef = 2FB9C9FA26F9470500BDF579 /* FilmDetails.storyboard */; };
		2FB9C9FF26F948C900BDF579 /* FilmDetailsViewController.swift in Sources */ = {isa = PBXBuildFile; fileRef = 2FB9C9FE26F948C900BDF579 /* FilmDetailsViewController.swift */; };
		2FB9CA0226F9508800BDF579 /* ChangePassword.storyboard in Resources */ = {isa = PBXBuildFile; fileRef = 2FB9CA0126F9508800BDF579 /* ChangePassword.storyboard */; };
		2FB9CA0426F950CC00BDF579 /* ChangePasswordViewController.swift in Sources */ = {isa = PBXBuildFile; fileRef = 2FB9CA0326F950CC00BDF579 /* ChangePasswordViewController.swift */; };
		2FB9CA0626F951F400BDF579 /* UserProfile.storyboard in Resources */ = {isa = PBXBuildFile; fileRef = 2FB9CA0526F951F400BDF579 /* UserProfile.storyboard */; };
		2FB9CA0A26F954DA00BDF579 /* Initial.storyboard in Resources */ = {isa = PBXBuildFile; fileRef = 2FB9CA0926F954DA00BDF579 /* Initial.storyboard */; };
		2FB9CA0D26F95A7F00BDF579 /* SignUp.storyboard in Resources */ = {isa = PBXBuildFile; fileRef = 2FB9CA0C26F95A7F00BDF579 /* SignUp.storyboard */; };
		2FB9CA1026F95D3800BDF579 /* Home.storyboard in Resources */ = {isa = PBXBuildFile; fileRef = 2FB9CA0F26F95D3800BDF579 /* Home.storyboard */; };
		5D72FAEA26DABC8D00831BBA /* AppDelegate.swift in Sources */ = {isa = PBXBuildFile; fileRef = 5D72FAE926DABC8D00831BBA /* AppDelegate.swift */; };
		5D72FAEC26DABC8D00831BBA /* SceneDelegate.swift in Sources */ = {isa = PBXBuildFile; fileRef = 5D72FAEB26DABC8D00831BBA /* SceneDelegate.swift */; };
		5D72FAEE26DABC8D00831BBA /* InitialViewController.swift in Sources */ = {isa = PBXBuildFile; fileRef = 5D72FAED26DABC8D00831BBA /* InitialViewController.swift */; };
		5D72FAF126DABC8D00831BBA /* Main.storyboard in Resources */ = {isa = PBXBuildFile; fileRef = 5D72FAEF26DABC8D00831BBA /* Main.storyboard */; };
		5D72FAF326DABC8E00831BBA /* Assets.xcassets in Resources */ = {isa = PBXBuildFile; fileRef = 5D72FAF226DABC8E00831BBA /* Assets.xcassets */; };
		5D72FAF626DABC8E00831BBA /* LaunchScreen.storyboard in Resources */ = {isa = PBXBuildFile; fileRef = 5D72FAF426DABC8E00831BBA /* LaunchScreen.storyboard */; };
		5D768B2526DDB17100242F8F /* SignUpViewController.swift in Sources */ = {isa = PBXBuildFile; fileRef = 5D768B2426DDB17100242F8F /* SignUpViewController.swift */; };
		5D768B2726DEEBF600242F8F /* HomeViewController.swift in Sources */ = {isa = PBXBuildFile; fileRef = 5D768B2626DEEBF600242F8F /* HomeViewController.swift */; };
		5D768B2C26DF236A00242F8F /* MovieTableViewCell.swift in Sources */ = {isa = PBXBuildFile; fileRef = 5D768B2A26DF236A00242F8F /* MovieTableViewCell.swift */; };
		5D768B2D26DF236A00242F8F /* MovieTableViewCell.xib in Resources */ = {isa = PBXBuildFile; fileRef = 5D768B2B26DF236A00242F8F /* MovieTableViewCell.xib */; };
		5D768B3026DF275000242F8F /* MovieCollectionViewCell.swift in Sources */ = {isa = PBXBuildFile; fileRef = 5D768B2E26DF275000242F8F /* MovieCollectionViewCell.swift */; };
		5D768B3126DF275000242F8F /* MovieCollectionViewCell.xib in Resources */ = {isa = PBXBuildFile; fileRef = 5D768B2F26DF275000242F8F /* MovieCollectionViewCell.xib */; };
		5D768B3326DF2F4700242F8F /* GenereTableViewCell.swift in Sources */ = {isa = PBXBuildFile; fileRef = 5D768B3226DF2F4700242F8F /* GenereTableViewCell.swift */; };
		F9B6B2F026E15B9900FE1726 /* playlistPerfilCell.swift in Sources */ = {isa = PBXBuildFile; fileRef = F9B6B2EF26E15B9900FE1726 /* playlistPerfilCell.swift */; };
		F9B6B2F326E15BAB00FE1726 /* playlistPerfilCell.xib in Resources */ = {isa = PBXBuildFile; fileRef = F9B6B2F226E15BAB00FE1726 /* playlistPerfilCell.xib */; };
		F9B6B2F726E15BB700FE1726 /* WatchlistTableViewCell.xib in Resources */ = {isa = PBXBuildFile; fileRef = F9B6B2F526E15BB700FE1726 /* WatchlistTableViewCell.xib */; };
		F9B6B2F826E15BB700FE1726 /* WatchlistTableViewCell.swift in Sources */ = {isa = PBXBuildFile; fileRef = F9B6B2F626E15BB700FE1726 /* WatchlistTableViewCell.swift */; };
		F9B6B2FC26E15D2F00FE1726 /* UserProfileViewController.swift in Sources */ = {isa = PBXBuildFile; fileRef = F9B6B2FB26E15D2F00FE1726 /* UserProfileViewController.swift */; };
		F9B6B2FF26E160AF00FE1726 /* WatchlistViewController.swift in Sources */ = {isa = PBXBuildFile; fileRef = F9B6B2FE26E160AF00FE1726 /* WatchlistViewController.swift */; };
		F9B6B30226E162BA00FE1726 /* SettingsViewController.swift in Sources */ = {isa = PBXBuildFile; fileRef = F9B6B30126E162BA00FE1726 /* SettingsViewController.swift */; };
		F9B6B30526E1694D00FE1726 /* filme.swift in Sources */ = {isa = PBXBuildFile; fileRef = F9B6B30426E1694D00FE1726 /* filme.swift */; };
/* End PBXBuildFile section */

/* Begin PBXFileReference section */
		2F1F835A26F970B8003B5F21 /* Watchlist.storyboard */ = {isa = PBXFileReference; lastKnownFileType = file.storyboard; path = Watchlist.storyboard; sourceTree = "<group>"; };
		2F1F835E26F97ACD003B5F21 /* Settings.storyboard */ = {isa = PBXFileReference; lastKnownFileType = file.storyboard; path = Settings.storyboard; sourceTree = "<group>"; };
		2F1F836126F97DE1003B5F21 /* Search.storyboard */ = {isa = PBXFileReference; lastKnownFileType = file.storyboard; path = Search.storyboard; sourceTree = "<group>"; };
		2FB8FF7726FCCD320098339F /* Details.swift */ = {isa = PBXFileReference; lastKnownFileType = sourcecode.swift; path = Details.swift; sourceTree = "<group>"; };
		2FB8FF7D26FCD06D0098339F /* Movies.swift */ = {isa = PBXFileReference; lastKnownFileType = sourcecode.swift; path = Movies.swift; sourceTree = "<group>"; };
		2FB9C9FA26F9470500BDF579 /* FilmDetails.storyboard */ = {isa = PBXFileReference; lastKnownFileType = file.storyboard; path = FilmDetails.storyboard; sourceTree = "<group>"; };
		2FB9C9FE26F948C900BDF579 /* FilmDetailsViewController.swift */ = {isa = PBXFileReference; lastKnownFileType = sourcecode.swift; path = FilmDetailsViewController.swift; sourceTree = "<group>"; };
		2FB9CA0126F9508800BDF579 /* ChangePassword.storyboard */ = {isa = PBXFileReference; lastKnownFileType = file.storyboard; path = ChangePassword.storyboard; sourceTree = "<group>"; };
		2FB9CA0326F950CC00BDF579 /* ChangePasswordViewController.swift */ = {isa = PBXFileReference; lastKnownFileType = sourcecode.swift; path = ChangePasswordViewController.swift; sourceTree = "<group>"; };
		2FB9CA0526F951F400BDF579 /* UserProfile.storyboard */ = {isa = PBXFileReference; lastKnownFileType = file.storyboard; path = UserProfile.storyboard; sourceTree = "<group>"; };
		2FB9CA0926F954DA00BDF579 /* Initial.storyboard */ = {isa = PBXFileReference; lastKnownFileType = file.storyboard; path = Initial.storyboard; sourceTree = "<group>"; };
		2FB9CA0C26F95A7F00BDF579 /* SignUp.storyboard */ = {isa = PBXFileReference; lastKnownFileType = file.storyboard; path = SignUp.storyboard; sourceTree = "<group>"; };
		2FB9CA0F26F95D3800BDF579 /* Home.storyboard */ = {isa = PBXFileReference; lastKnownFileType = file.storyboard; path = Home.storyboard; sourceTree = "<group>"; };
		2FB9CA1526F9637300BDF579 /* Info.plist */ = {isa = PBXFileReference; fileEncoding = 4; lastKnownFileType = text.plist.xml; name = Info.plist; path = DigitalFilmes/Info.plist; sourceTree = "<group>"; };
		5D72FAE626DABC8D00831BBA /* DigitalFilmes.app */ = {isa = PBXFileReference; explicitFileType = wrapper.application; includeInIndex = 0; path = DigitalFilmes.app; sourceTree = BUILT_PRODUCTS_DIR; };
		5D72FAE926DABC8D00831BBA /* AppDelegate.swift */ = {isa = PBXFileReference; lastKnownFileType = sourcecode.swift; path = AppDelegate.swift; sourceTree = "<group>"; };
		5D72FAEB26DABC8D00831BBA /* SceneDelegate.swift */ = {isa = PBXFileReference; lastKnownFileType = sourcecode.swift; path = SceneDelegate.swift; sourceTree = "<group>"; };
		5D72FAED26DABC8D00831BBA /* InitialViewController.swift */ = {isa = PBXFileReference; lastKnownFileType = sourcecode.swift; path = InitialViewController.swift; sourceTree = "<group>"; };
		5D72FAF026DABC8D00831BBA /* Base */ = {isa = PBXFileReference; lastKnownFileType = file.storyboard; name = Base; path = Base.lproj/Main.storyboard; sourceTree = "<group>"; };
		5D72FAF226DABC8E00831BBA /* Assets.xcassets */ = {isa = PBXFileReference; lastKnownFileType = folder.assetcatalog; path = Assets.xcassets; sourceTree = "<group>"; };
		5D72FAF526DABC8E00831BBA /* Base */ = {isa = PBXFileReference; lastKnownFileType = file.storyboard; name = Base; path = Base.lproj/LaunchScreen.storyboard; sourceTree = "<group>"; };
		5D768B2426DDB17100242F8F /* SignUpViewController.swift */ = {isa = PBXFileReference; lastKnownFileType = sourcecode.swift; path = SignUpViewController.swift; sourceTree = "<group>"; };
		5D768B2626DEEBF600242F8F /* HomeViewController.swift */ = {isa = PBXFileReference; lastKnownFileType = sourcecode.swift; path = HomeViewController.swift; sourceTree = "<group>"; };
		5D768B2A26DF236A00242F8F /* MovieTableViewCell.swift */ = {isa = PBXFileReference; lastKnownFileType = sourcecode.swift; path = MovieTableViewCell.swift; sourceTree = "<group>"; };
		5D768B2B26DF236A00242F8F /* MovieTableViewCell.xib */ = {isa = PBXFileReference; lastKnownFileType = file.xib; path = MovieTableViewCell.xib; sourceTree = "<group>"; };
		5D768B2E26DF275000242F8F /* MovieCollectionViewCell.swift */ = {isa = PBXFileReference; lastKnownFileType = sourcecode.swift; path = MovieCollectionViewCell.swift; sourceTree = "<group>"; };
		5D768B2F26DF275000242F8F /* MovieCollectionViewCell.xib */ = {isa = PBXFileReference; lastKnownFileType = file.xib; path = MovieCollectionViewCell.xib; sourceTree = "<group>"; };
		5D768B3226DF2F4700242F8F /* GenereTableViewCell.swift */ = {isa = PBXFileReference; lastKnownFileType = sourcecode.swift; path = GenereTableViewCell.swift; sourceTree = "<group>"; };
		F9B6B2EF26E15B9900FE1726 /* playlistPerfilCell.swift */ = {isa = PBXFileReference; fileEncoding = 4; lastKnownFileType = sourcecode.swift; path = playlistPerfilCell.swift; sourceTree = "<group>"; };
		F9B6B2F226E15BAB00FE1726 /* playlistPerfilCell.xib */ = {isa = PBXFileReference; fileEncoding = 4; lastKnownFileType = file.xib; path = playlistPerfilCell.xib; sourceTree = "<group>"; };
		F9B6B2F526E15BB700FE1726 /* WatchlistTableViewCell.xib */ = {isa = PBXFileReference; fileEncoding = 4; lastKnownFileType = file.xib; path = WatchlistTableViewCell.xib; sourceTree = "<group>"; };
		F9B6B2F626E15BB700FE1726 /* WatchlistTableViewCell.swift */ = {isa = PBXFileReference; fileEncoding = 4; lastKnownFileType = sourcecode.swift; path = WatchlistTableViewCell.swift; sourceTree = "<group>"; };
		F9B6B2FB26E15D2F00FE1726 /* UserProfileViewController.swift */ = {isa = PBXFileReference; lastKnownFileType = sourcecode.swift; path = UserProfileViewController.swift; sourceTree = "<group>"; };
		F9B6B2FE26E160AF00FE1726 /* WatchlistViewController.swift */ = {isa = PBXFileReference; lastKnownFileType = sourcecode.swift; path = WatchlistViewController.swift; sourceTree = "<group>"; };
		F9B6B30126E162BA00FE1726 /* SettingsViewController.swift */ = {isa = PBXFileReference; lastKnownFileType = sourcecode.swift; path = SettingsViewController.swift; sourceTree = "<group>"; };
		F9B6B30426E1694D00FE1726 /* filme.swift */ = {isa = PBXFileReference; lastKnownFileType = sourcecode.swift; path = filme.swift; sourceTree = "<group>"; };
/* End PBXFileReference section */

/* Begin PBXFrameworksBuildPhase section */
		5D72FAE326DABC8D00831BBA /* Frameworks */ = {
			isa = PBXFrameworksBuildPhase;
			buildActionMask = 2147483647;
			files = (
			);
			runOnlyForDeploymentPostprocessing = 0;
		};
/* End PBXFrameworksBuildPhase section */

/* Begin PBXGroup section */
		2F1F835C26F970D7003B5F21 /* Watchlist */ = {
			isa = PBXGroup;
			children = (
				2F1F835D26F97952003B5F21 /* Cells */,
				2F1F835A26F970B8003B5F21 /* Watchlist.storyboard */,
				F9B6B2FE26E160AF00FE1726 /* WatchlistViewController.swift */,
			);
			path = Watchlist;
			sourceTree = "<group>";
		};
		2F1F835D26F97952003B5F21 /* Cells */ = {
			isa = PBXGroup;
			children = (
				F9B6B2EF26E15B9900FE1726 /* playlistPerfilCell.swift */,
				F9B6B2F226E15BAB00FE1726 /* playlistPerfilCell.xib */,
				F9B6B2F626E15BB700FE1726 /* WatchlistTableViewCell.swift */,
				F9B6B2F526E15BB700FE1726 /* WatchlistTableViewCell.xib */,
			);
			path = Cells;
			sourceTree = "<group>";
		};
		2F1F836026F97B07003B5F21 /* Settings */ = {
			isa = PBXGroup;
			children = (
				2F1F835E26F97ACD003B5F21 /* Settings.storyboard */,
				F9B6B30126E162BA00FE1726 /* SettingsViewController.swift */,
			);
			path = Settings;
			sourceTree = "<group>";
		};
		2F1F836326F97E12003B5F21 /* Search */ = {
			isa = PBXGroup;
			children = (
				2F1F836126F97DE1003B5F21 /* Search.storyboard */,
			);
			path = Search;
			sourceTree = "<group>";
		};
		2FB8FF7926FCCE010098339F /* View */ = {
			isa = PBXGroup;
			children = (
				2FB9C9FA26F9470500BDF579 /* FilmDetails.storyboard */,
				2FB9C9FE26F948C900BDF579 /* FilmDetailsViewController.swift */,
			);
			path = View;
			sourceTree = "<group>";
		};
		2FB8FF7A26FCCE0C0098339F /* Model */ = {
			isa = PBXGroup;
			children = (
				2FB8FF7726FCCD320098339F /* Details.swift */,
			);
			path = Model;
			sourceTree = "<group>";
		};
		2FB9CA0026F94FED00BDF579 /* Details */ = {
			isa = PBXGroup;
			children = (
				2FB8FF7926FCCE010098339F /* View */,
				2FB8FF7A26FCCE0C0098339F /* Model */,
			);
			path = Details;
			sourceTree = "<group>";
		};
		2FB9CA0726F9523900BDF579 /* ChangePassword */ = {
			isa = PBXGroup;
			children = (
				2FB9CA0126F9508800BDF579 /* ChangePassword.storyboard */,
				2FB9CA0326F950CC00BDF579 /* ChangePasswordViewController.swift */,
			);
			path = ChangePassword;
			sourceTree = "<group>";
		};
		2FB9CA0826F952EE00BDF579 /* UserProfile */ = {
			isa = PBXGroup;
			children = (
				2FB9CA0526F951F400BDF579 /* UserProfile.storyboard */,
				F9B6B2FB26E15D2F00FE1726 /* UserProfileViewController.swift */,
			);
			path = UserProfile;
			sourceTree = "<group>";
		};
		2FB9CA0B26F955BA00BDF579 /* Initial */ = {
			isa = PBXGroup;
			children = (
				5D72FAED26DABC8D00831BBA /* InitialViewController.swift */,
				2FB9CA0926F954DA00BDF579 /* Initial.storyboard */,
			);
			path = Initial;
			sourceTree = "<group>";
		};
		2FB9CA0E26F95B3300BDF579 /* SignUp */ = {
			isa = PBXGroup;
			children = (
				5D768B2426DDB17100242F8F /* SignUpViewController.swift */,
				2FB9CA0C26F95A7F00BDF579 /* SignUp.storyboard */,
			);
			path = SignUp;
			sourceTree = "<group>";
		};
		2FB9CA1126F95D4C00BDF579 /* Home */ = {
			isa = PBXGroup;
			children = (
				2FB9CA1226F95DC700BDF579 /* View */,
			);
			path = Home;
			sourceTree = "<group>";
		};
		2FB9CA1226F95DC700BDF579 /* View */ = {
			isa = PBXGroup;
			children = (
				2FB9CA1326F95E3C00BDF579 /* Cells */,
				2FB9CA0F26F95D3800BDF579 /* Home.storyboard */,
				5D768B2626DEEBF600242F8F /* HomeViewController.swift */,
			);
			path = View;
			sourceTree = "<group>";
		};
		2FB9CA1326F95E3C00BDF579 /* Cells */ = {
			isa = PBXGroup;
			children = (
				5D768B2E26DF275000242F8F /* MovieCollectionViewCell.swift */,
				5D768B2F26DF275000242F8F /* MovieCollectionViewCell.xib */,
				5D768B3226DF2F4700242F8F /* GenereTableViewCell.swift */,
				5D768B2A26DF236A00242F8F /* MovieTableViewCell.swift */,
				5D768B2B26DF236A00242F8F /* MovieTableViewCell.xib */,
			);
			path = Cells;
			sourceTree = "<group>";
		};
		2FB9CA1426F95EFB00BDF579 /* Usecases */ = {
			isa = PBXGroup;
			children = (
				2F1F836326F97E12003B5F21 /* Search */,
				2F1F836026F97B07003B5F21 /* Settings */,
				2FB9CA0726F9523900BDF579 /* ChangePassword */,
				2FB9CA0026F94FED00BDF579 /* Details */,
				2FB9CA1126F95D4C00BDF579 /* Home */,
				2FB9CA0B26F955BA00BDF579 /* Initial */,
				2FB9CA0E26F95B3300BDF579 /* SignUp */,
				2FB9CA0826F952EE00BDF579 /* UserProfile */,
				2F1F835C26F970D7003B5F21 /* Watchlist */,
			);
			path = Usecases;
			sourceTree = "<group>";
		};
		5D72FADD26DABC8D00831BBA = {
			isa = PBXGroup;
			children = (
				5D72FAE826DABC8D00831BBA /* DigitalFilmes */,
				2FB9CA1526F9637300BDF579 /* Info.plist */,
				5D72FAE926DABC8D00831BBA /* AppDelegate.swift */,
				5D72FAEB26DABC8D00831BBA /* SceneDelegate.swift */,
				5D72FAF226DABC8E00831BBA /* Assets.xcassets */,
				5D72FAF426DABC8E00831BBA /* LaunchScreen.storyboard */,
				5D72FAE726DABC8D00831BBA /* Products */,
			);
			sourceTree = "<group>";
		};
		5D72FAE726DABC8D00831BBA /* Products */ = {
			isa = PBXGroup;
			children = (
				5D72FAE626DABC8D00831BBA /* DigitalFilmes.app */,
			);
			name = Products;
			sourceTree = "<group>";
		};
		5D72FAE826DABC8D00831BBA /* DigitalFilmes */ = {
			isa = PBXGroup;
			children = (
				2FB9CA1426F95EFB00BDF579 /* Usecases */,
				5DFBC23526E04ABE007D374E /* View */,
				5DFBC23426E04AB7007D374E /* Model */,
				5DFBC23626E04AC8007D374E /* ViewModel */,
			);
			path = DigitalFilmes;
			sourceTree = "<group>";
		};
		5DFBC23426E04AB7007D374E /* Model */ = {
			isa = PBXGroup;
			children = (
				2FB8FF7D26FCD06D0098339F /* Movies.swift */,
			);
			path = Model;
			sourceTree = "<group>";
		};
		5DFBC23526E04ABE007D374E /* View */ = {
			isa = PBXGroup;
			children = (
				5DFBC23726E04F3D007D374E /* CustomCells */,
				5D72FAEF26DABC8D00831BBA /* Main.storyboard */,
			);
			path = View;
			sourceTree = "<group>";
		};
		5DFBC23626E04AC8007D374E /* ViewModel */ = {
			isa = PBXGroup;
			children = (
			);
			path = ViewModel;
			sourceTree = "<group>";
		};
		5DFBC23726E04F3D007D374E /* CustomCells */ = {
			isa = PBXGroup;
			children = (
				F9B6B30426E1694D00FE1726 /* filme.swift */,
			);
			path = CustomCells;
			sourceTree = "<group>";
		};
/* End PBXGroup section */

/* Begin PBXNativeTarget section */
		5D72FAE526DABC8D00831BBA /* DigitalFilmes */ = {
			isa = PBXNativeTarget;
			buildConfigurationList = 5D72FAFA26DABC8E00831BBA /* Build configuration list for PBXNativeTarget "DigitalFilmes" */;
			buildPhases = (
				5D72FAE226DABC8D00831BBA /* Sources */,
				5D72FAE326DABC8D00831BBA /* Frameworks */,
				5D72FAE426DABC8D00831BBA /* Resources */,
			);
			buildRules = (
			);
			dependencies = (
			);
			name = DigitalFilmes;
			productName = DigitalFilmes;
			productReference = 5D72FAE626DABC8D00831BBA /* DigitalFilmes.app */;
			productType = "com.apple.product-type.application";
		};
/* End PBXNativeTarget section */

/* Begin PBXProject section */
		5D72FADE26DABC8D00831BBA /* Project object */ = {
			isa = PBXProject;
			attributes = {
				LastSwiftUpdateCheck = 1250;
				LastUpgradeCheck = 1250;
				TargetAttributes = {
					5D72FAE526DABC8D00831BBA = {
						CreatedOnToolsVersion = 12.5;
					};
				};
			};
			buildConfigurationList = 5D72FAE126DABC8D00831BBA /* Build configuration list for PBXProject "DigitalFilmes" */;
			compatibilityVersion = "Xcode 9.3";
			developmentRegion = en;
			hasScannedForEncodings = 0;
			knownRegions = (
				en,
				Base,
			);
			mainGroup = 5D72FADD26DABC8D00831BBA;
			productRefGroup = 5D72FAE726DABC8D00831BBA /* Products */;
			projectDirPath = "";
			projectRoot = "";
			targets = (
				5D72FAE526DABC8D00831BBA /* DigitalFilmes */,
			);
		};
/* End PBXProject section */

/* Begin PBXResourcesBuildPhase section */
		5D72FAE426DABC8D00831BBA /* Resources */ = {
			isa = PBXResourcesBuildPhase;
			buildActionMask = 2147483647;
			files = (
				F9B6B2F326E15BAB00FE1726 /* playlistPerfilCell.xib in Resources */,
				2FB9CA0226F9508800BDF579 /* ChangePassword.storyboard in Resources */,
				2FB9CA1026F95D3800BDF579 /* Home.storyboard in Resources */,
				2FB9CA0D26F95A7F00BDF579 /* SignUp.storyboard in Resources */,
				2FB9CA0A26F954DA00BDF579 /* Initial.storyboard in Resources */,
				5D768B3126DF275000242F8F /* MovieCollectionViewCell.xib in Resources */,
				F9B6B2F726E15BB700FE1726 /* WatchlistTableViewCell.xib in Resources */,
				5D72FAF626DABC8E00831BBA /* LaunchScreen.storyboard in Resources */,
				2F1F835B26F970B8003B5F21 /* Watchlist.storyboard in Resources */,
				2F1F835F26F97ACD003B5F21 /* Settings.storyboard in Resources */,
				5D72FAF326DABC8E00831BBA /* Assets.xcassets in Resources */,
				2FB9C9FB26F9470500BDF579 /* FilmDetails.storyboard in Resources */,
				5D768B2D26DF236A00242F8F /* MovieTableViewCell.xib in Resources */,
				5D72FAF126DABC8D00831BBA /* Main.storyboard in Resources */,
				2F1F836226F97DE1003B5F21 /* Search.storyboard in Resources */,
				2FB9CA0626F951F400BDF579 /* UserProfile.storyboard in Resources */,
			);
			runOnlyForDeploymentPostprocessing = 0;
		};
/* End PBXResourcesBuildPhase section */

/* Begin PBXSourcesBuildPhase section */
		5D72FAE226DABC8D00831BBA /* Sources */ = {
			isa = PBXSourcesBuildPhase;
			buildActionMask = 2147483647;
			files = (
				F9B6B2FF26E160AF00FE1726 /* WatchlistViewController.swift in Sources */,
				F9B6B30526E1694D00FE1726 /* filme.swift in Sources */,
				5D768B2726DEEBF600242F8F /* HomeViewController.swift in Sources */,
				5D72FAEE26DABC8D00831BBA /* InitialViewController.swift in Sources */,
				5D768B2C26DF236A00242F8F /* MovieTableViewCell.swift in Sources */,
				5D72FAEA26DABC8D00831BBA /* AppDelegate.swift in Sources */,
				F9B6B2FC26E15D2F00FE1726 /* UserProfileViewController.swift in Sources */,
				F9B6B30226E162BA00FE1726 /* SettingsViewController.swift in Sources */,
				5D768B3026DF275000242F8F /* MovieCollectionViewCell.swift in Sources */,
				2FB9CA0426F950CC00BDF579 /* ChangePasswordViewController.swift in Sources */,
				2FB8FF7826FCCD320098339F /* Details.swift in Sources */,
				F9B6B2F826E15BB700FE1726 /* WatchlistTableViewCell.swift in Sources */,
				5D768B3326DF2F4700242F8F /* GenereTableViewCell.swift in Sources */,
				5D72FAEC26DABC8D00831BBA /* SceneDelegate.swift in Sources */,
				2FB8FF7E26FCD06D0098339F /* Movies.swift in Sources */,
				5D768B2526DDB17100242F8F /* SignUpViewController.swift in Sources */,
				F9B6B2F026E15B9900FE1726 /* playlistPerfilCell.swift in Sources */,
				2FB9C9FF26F948C900BDF579 /* FilmDetailsViewController.swift in Sources */,
			);
			runOnlyForDeploymentPostprocessing = 0;
		};
/* End PBXSourcesBuildPhase section */

/* Begin PBXVariantGroup section */
		5D72FAEF26DABC8D00831BBA /* Main.storyboard */ = {
			isa = PBXVariantGroup;
			children = (
				5D72FAF026DABC8D00831BBA /* Base */,
			);
			name = Main.storyboard;
			sourceTree = "<group>";
		};
		5D72FAF426DABC8E00831BBA /* LaunchScreen.storyboard */ = {
			isa = PBXVariantGroup;
			children = (
				5D72FAF526DABC8E00831BBA /* Base */,
			);
			name = LaunchScreen.storyboard;
			sourceTree = "<group>";
		};
/* End PBXVariantGroup section */

/* Begin XCBuildConfiguration section */
		5D72FAF826DABC8E00831BBA /* Debug */ = {
			isa = XCBuildConfiguration;
			buildSettings = {
				ALWAYS_SEARCH_USER_PATHS = NO;
				CLANG_ANALYZER_NONNULL = YES;
				CLANG_ANALYZER_NUMBER_OBJECT_CONVERSION = YES_AGGRESSIVE;
				CLANG_CXX_LANGUAGE_STANDARD = "gnu++14";
				CLANG_CXX_LIBRARY = "libc++";
				CLANG_ENABLE_MODULES = YES;
				CLANG_ENABLE_OBJC_ARC = YES;
				CLANG_ENABLE_OBJC_WEAK = YES;
				CLANG_WARN_BLOCK_CAPTURE_AUTORELEASING = YES;
				CLANG_WARN_BOOL_CONVERSION = YES;
				CLANG_WARN_COMMA = YES;
				CLANG_WARN_CONSTANT_CONVERSION = YES;
				CLANG_WARN_DEPRECATED_OBJC_IMPLEMENTATIONS = YES;
				CLANG_WARN_DIRECT_OBJC_ISA_USAGE = YES_ERROR;
				CLANG_WARN_DOCUMENTATION_COMMENTS = YES;
				CLANG_WARN_EMPTY_BODY = YES;
				CLANG_WARN_ENUM_CONVERSION = YES;
				CLANG_WARN_INFINITE_RECURSION = YES;
				CLANG_WARN_INT_CONVERSION = YES;
				CLANG_WARN_NON_LITERAL_NULL_CONVERSION = YES;
				CLANG_WARN_OBJC_IMPLICIT_RETAIN_SELF = YES;
				CLANG_WARN_OBJC_LITERAL_CONVERSION = YES;
				CLANG_WARN_OBJC_ROOT_CLASS = YES_ERROR;
				CLANG_WARN_QUOTED_INCLUDE_IN_FRAMEWORK_HEADER = YES;
				CLANG_WARN_RANGE_LOOP_ANALYSIS = YES;
				CLANG_WARN_STRICT_PROTOTYPES = YES;
				CLANG_WARN_SUSPICIOUS_MOVE = YES;
				CLANG_WARN_UNGUARDED_AVAILABILITY = YES_AGGRESSIVE;
				CLANG_WARN_UNREACHABLE_CODE = YES;
				CLANG_WARN__DUPLICATE_METHOD_MATCH = YES;
				COPY_PHASE_STRIP = NO;
				DEBUG_INFORMATION_FORMAT = dwarf;
				ENABLE_STRICT_OBJC_MSGSEND = YES;
				ENABLE_TESTABILITY = YES;
				GCC_C_LANGUAGE_STANDARD = gnu11;
				GCC_DYNAMIC_NO_PIC = NO;
				GCC_NO_COMMON_BLOCKS = YES;
				GCC_OPTIMIZATION_LEVEL = 0;
				GCC_PREPROCESSOR_DEFINITIONS = (
					"DEBUG=1",
					"$(inherited)",
				);
				GCC_WARN_64_TO_32_BIT_CONVERSION = YES;
				GCC_WARN_ABOUT_RETURN_TYPE = YES_ERROR;
				GCC_WARN_UNDECLARED_SELECTOR = YES;
				GCC_WARN_UNINITIALIZED_AUTOS = YES_AGGRESSIVE;
				GCC_WARN_UNUSED_FUNCTION = YES;
				GCC_WARN_UNUSED_VARIABLE = YES;
				IPHONEOS_DEPLOYMENT_TARGET = 14.5;
				MTL_ENABLE_DEBUG_INFO = INCLUDE_SOURCE;
				MTL_FAST_MATH = YES;
				ONLY_ACTIVE_ARCH = YES;
				SDKROOT = iphoneos;
				SWIFT_ACTIVE_COMPILATION_CONDITIONS = DEBUG;
				SWIFT_OPTIMIZATION_LEVEL = "-Onone";
			};
			name = Debug;
		};
		5D72FAF926DABC8E00831BBA /* Release */ = {
			isa = XCBuildConfiguration;
			buildSettings = {
				ALWAYS_SEARCH_USER_PATHS = NO;
				CLANG_ANALYZER_NONNULL = YES;
				CLANG_ANALYZER_NUMBER_OBJECT_CONVERSION = YES_AGGRESSIVE;
				CLANG_CXX_LANGUAGE_STANDARD = "gnu++14";
				CLANG_CXX_LIBRARY = "libc++";
				CLANG_ENABLE_MODULES = YES;
				CLANG_ENABLE_OBJC_ARC = YES;
				CLANG_ENABLE_OBJC_WEAK = YES;
				CLANG_WARN_BLOCK_CAPTURE_AUTORELEASING = YES;
				CLANG_WARN_BOOL_CONVERSION = YES;
				CLANG_WARN_COMMA = YES;
				CLANG_WARN_CONSTANT_CONVERSION = YES;
				CLANG_WARN_DEPRECATED_OBJC_IMPLEMENTATIONS = YES;
				CLANG_WARN_DIRECT_OBJC_ISA_USAGE = YES_ERROR;
				CLANG_WARN_DOCUMENTATION_COMMENTS = YES;
				CLANG_WARN_EMPTY_BODY = YES;
				CLANG_WARN_ENUM_CONVERSION = YES;
				CLANG_WARN_INFINITE_RECURSION = YES;
				CLANG_WARN_INT_CONVERSION = YES;
				CLANG_WARN_NON_LITERAL_NULL_CONVERSION = YES;
				CLANG_WARN_OBJC_IMPLICIT_RETAIN_SELF = YES;
				CLANG_WARN_OBJC_LITERAL_CONVERSION = YES;
				CLANG_WARN_OBJC_ROOT_CLASS = YES_ERROR;
				CLANG_WARN_QUOTED_INCLUDE_IN_FRAMEWORK_HEADER = YES;
				CLANG_WARN_RANGE_LOOP_ANALYSIS = YES;
				CLANG_WARN_STRICT_PROTOTYPES = YES;
				CLANG_WARN_SUSPICIOUS_MOVE = YES;
				CLANG_WARN_UNGUARDED_AVAILABILITY = YES_AGGRESSIVE;
				CLANG_WARN_UNREACHABLE_CODE = YES;
				CLANG_WARN__DUPLICATE_METHOD_MATCH = YES;
				COPY_PHASE_STRIP = NO;
				DEBUG_INFORMATION_FORMAT = "dwarf-with-dsym";
				ENABLE_NS_ASSERTIONS = NO;
				ENABLE_STRICT_OBJC_MSGSEND = YES;
				GCC_C_LANGUAGE_STANDARD = gnu11;
				GCC_NO_COMMON_BLOCKS = YES;
				GCC_WARN_64_TO_32_BIT_CONVERSION = YES;
				GCC_WARN_ABOUT_RETURN_TYPE = YES_ERROR;
				GCC_WARN_UNDECLARED_SELECTOR = YES;
				GCC_WARN_UNINITIALIZED_AUTOS = YES_AGGRESSIVE;
				GCC_WARN_UNUSED_FUNCTION = YES;
				GCC_WARN_UNUSED_VARIABLE = YES;
				IPHONEOS_DEPLOYMENT_TARGET = 14.5;
				MTL_ENABLE_DEBUG_INFO = NO;
				MTL_FAST_MATH = YES;
				SDKROOT = iphoneos;
				SWIFT_COMPILATION_MODE = wholemodule;
				SWIFT_OPTIMIZATION_LEVEL = "-O";
				VALIDATE_PRODUCT = YES;
			};
			name = Release;
		};
		5D72FAFB26DABC8E00831BBA /* Debug */ = {
			isa = XCBuildConfiguration;
			buildSettings = {
				ASSETCATALOG_COMPILER_APPICON_NAME = AppIcon;
				ASSETCATALOG_COMPILER_GLOBAL_ACCENT_COLOR_NAME = AccentColor;
				CODE_SIGN_STYLE = Automatic;
				DEVELOPMENT_TEAM = 88N5X4TC24;
				"INFOPLIST_FILE[sdk=*]" = DigitalFilmes/Info.plist;
				LD_RUNPATH_SEARCH_PATHS = (
					"$(inherited)",
					"@executable_path/Frameworks",
				);
				PRODUCT_BUNDLE_IDENTIFIER = br.com.digitalhouse.DigitalFilmes;
				PRODUCT_NAME = "$(TARGET_NAME)";
				SWIFT_VERSION = 5.0;
				TARGETED_DEVICE_FAMILY = "1,2";
			};
			name = Debug;
		};
		5D72FAFC26DABC8E00831BBA /* Release */ = {
			isa = XCBuildConfiguration;
			buildSettings = {
				ASSETCATALOG_COMPILER_APPICON_NAME = AppIcon;
				ASSETCATALOG_COMPILER_GLOBAL_ACCENT_COLOR_NAME = AccentColor;
				CODE_SIGN_STYLE = Automatic;
				DEVELOPMENT_TEAM = 88N5X4TC24;
				INFOPLIST_FILE = "";
				"INFOPLIST_FILE[sdk=*]" = DigitalFilmes/Info.plist;
				LD_RUNPATH_SEARCH_PATHS = (
					"$(inherited)",
					"@executable_path/Frameworks",
				);
				PRODUCT_BUNDLE_IDENTIFIER = br.com.digitalhouse.DigitalFilmes;
				PRODUCT_NAME = "$(TARGET_NAME)";
				SWIFT_VERSION = 5.0;
				TARGETED_DEVICE_FAMILY = "1,2";
			};
			name = Release;
		};
/* End XCBuildConfiguration section */

/* Begin XCConfigurationList section */
		5D72FAE126DABC8D00831BBA /* Build configuration list for PBXProject "DigitalFilmes" */ = {
			isa = XCConfigurationList;
			buildConfigurations = (
				5D72FAF826DABC8E00831BBA /* Debug */,
				5D72FAF926DABC8E00831BBA /* Release */,
			);
			defaultConfigurationIsVisible = 0;
			defaultConfigurationName = Release;
		};
		5D72FAFA26DABC8E00831BBA /* Build configuration list for PBXNativeTarget "DigitalFilmes" */ = {
			isa = XCConfigurationList;
			buildConfigurations = (
				5D72FAFB26DABC8E00831BBA /* Debug */,
				5D72FAFC26DABC8E00831BBA /* Release */,
			);
			defaultConfigurationIsVisible = 0;
			defaultConfigurationName = Release;
		};
/* End XCConfigurationList section */
	};
	rootObject = 5D72FADE26DABC8D00831BBA /* Project object */;
}
